
Microsoft Visual Studio Solution File, Format Version 12.00
# Visual Studio Version 17
VisualStudioVersion = 17.7.34018.315
MinimumVisualStudioVersion = 10.0.40219.1
Project("{FAE04EC0-301F-11D3-BF4B-00C04F79EFBC}") = "EfDbFirst", "EfDbFirst\EfDbFirst.csproj", "{3DE1A424-60DD-4969-AAE0-FE05D6E6199B}"
EndProject
Global
	GlobalSection(SolutionConfigurationPlatforms) = preSolution
		Debug|Any CPU = Debug|Any CPU
		Release|Any CPU = Release|Any CPU
	EndGlobalSection
	GlobalSection(ProjectConfigurationPlatforms) = postSolution
		{3DE1A424-60DD-4969-AAE0-FE05D6E6199B}.Debug|Any CPU.ActiveCfg = Debug|Any CPU
		{3DE1A424-60DD-4969-AAE0-FE05D6E6199B}.Debug|Any CPU.Build.0 = Debug|Any CPU
		{3DE1A424-60DD-4969-AAE0-FE05D6E6199B}.Release|Any CPU.ActiveCfg = Release|Any CPU
		{3DE1A424-60DD-4969-AAE0-FE05D6E6199B}.Release|Any CPU.Build.0 = Release|Any CPU
	EndGlobalSection
	GlobalSection(SolutionProperties) = preSolution
		HideSolutionNode = FALSE
	EndGlobalSection
	GlobalSection(ExtensibilityGlobals) = postSolution
		SolutionGuid = {6B0C19D0-AFFF-4EBA-894A-89A89C581839}
	EndGlobalSection
EndGlobal
